
Microsoft Visual Studio Solution File, Format Version 12.00
# Visual Studio Version 17
VisualStudioVersion = 17.1.32228.430
MinimumVisualStudioVersion = 10.0.40219.1
Project("{FAE04EC0-301F-11D3-BF4B-00C04F79EFBC}") = "OnlineShop", "OnlineShop\OnlineShop.csproj", "{F55FCD48-179E-4672-99BE-3F7F8E20DEEE}"
EndProject
Global
	GlobalSection(SolutionConfigurationPlatforms) = preSolution
		Debug|Any CPU = Debug|Any CPU
		Release|Any CPU = Release|Any CPU
	EndGlobalSection
	GlobalSection(ProjectConfigurationPlatforms) = postSolution
		{F55FCD48-179E-4672-99BE-3F7F8E20DEEE}.Debug|Any CPU.ActiveCfg = Debug|Any CPU
		{F55FCD48-179E-4672-99BE-3F7F8E20DEEE}.Debug|Any CPU.Build.0 = Debug|Any CPU
		{F55FCD48-179E-4672-99BE-3F7F8E20DEEE}.Release|Any CPU.ActiveCfg = Release|Any CPU
		{F55FCD48-179E-4672-99BE-3F7F8E20DEEE}.Release|Any CPU.Build.0 = Release|Any CPU
	EndGlobalSection
	GlobalSection(SolutionProperties) = preSolution
		HideSolutionNode = FALSE
	EndGlobalSection
	GlobalSection(ExtensibilityGlobals) = postSolution
		SolutionGuid = {A96C007A-18F4-435F-887B-04EA60FF85D4}
	EndGlobalSection
EndGlobal
